// !$*UTF8*$!
{
	archiveVersion = 1;
	classes = {
	};
	objectVersion = 46;
	objects = {

/* Begin PBXBuildFile section */
		84A9CDD11977E3A500CB1034 /* CellView.m in Sources */ = {isa = PBXBuildFile; fileRef = 84A9CDD01977E3A500CB1034 /* CellView.m */; };
		84A9CDD51977E47300CB1034 /* GameViewController.m in Sources */ = {isa = PBXBuildFile; fileRef = 84A9CDD31977E47300CB1034 /* GameViewController.m */; };
		84A9CDD61977E47300CB1034 /* GameViewController.xib in Resources */ = {isa = PBXBuildFile; fileRef = 84A9CDD41977E47300CB1034 /* GameViewController.xib */; };
		84A9CE171977E4B900CB1034 /* seamlesstexture_darklights.jpg in Resources */ = {isa = PBXBuildFile; fileRef = 84A9CDF61977E4B900CB1034 /* seamlesstexture_darklights.jpg */; };
		84A9CE191977E4B900CB1034 /* seamlesstexture_metallic.jpg in Resources */ = {isa = PBXBuildFile; fileRef = 84A9CDF81977E4B900CB1034 /* seamlesstexture_metallic.jpg */; };
		84A9CE1D1977ED9700CB1034 /* NSMutableArray+NullInt.m in Sources */ = {isa = PBXBuildFile; fileRef = 84A9CE1C1977ED9700CB1034 /* NSMutableArray+NullInt.m */; };
		84A9CE201977F42F00CB1034 /* PlayerView.m in Sources */ = {isa = PBXBuildFile; fileRef = 84A9CE1F1977F42F00CB1034 /* PlayerView.m */; };
		FAD8FF3E17743856006D87A4 /* UIKit.framework in Frameworks */ = {isa = PBXBuildFile; fileRef = FAD8FF3D17743856006D87A4 /* UIKit.framework */; };
		FAD8FF4017743856006D87A4 /* Foundation.framework in Frameworks */ = {isa = PBXBuildFile; fileRef = FAD8FF3F17743856006D87A4 /* Foundation.framework */; };
		FAD8FF4217743856006D87A4 /* CoreGraphics.framework in Frameworks */ = {isa = PBXBuildFile; fileRef = FAD8FF4117743856006D87A4 /* CoreGraphics.framework */; };
		FAD8FF4817743856006D87A4 /* InfoPlist.strings in Resources */ = {isa = PBXBuildFile; fileRef = FAD8FF4617743856006D87A4 /* InfoPlist.strings */; };
		FAD8FF4A17743856006D87A4 /* main.m in Sources */ = {isa = PBXBuildFile; fileRef = FAD8FF4917743856006D87A4 /* main.m */; };
		FAD8FF4E17743856006D87A4 /* AppDelegate.m in Sources */ = {isa = PBXBuildFile; fileRef = FAD8FF4D17743856006D87A4 /* AppDelegate.m */; };
		FAD8FF5017743856006D87A4 /* Default.png in Resources */ = {isa = PBXBuildFile; fileRef = FAD8FF4F17743856006D87A4 /* Default.png */; };
		FAD8FF5217743856006D87A4 /* Default@2x.png in Resources */ = {isa = PBXBuildFile; fileRef = FAD8FF5117743856006D87A4 /* Default@2x.png */; };
		FAD8FF5417743856006D87A4 /* Default-568h@2x.png in Resources */ = {isa = PBXBuildFile; fileRef = FAD8FF5317743856006D87A4 /* Default-568h@2x.png */; };
/* End PBXBuildFile section */

/* Begin PBXFileReference section */
		84A9CDCF1977E3A500CB1034 /* CellView.h */ = {isa = PBXFileReference; fileEncoding = 4; lastKnownFileType = sourcecode.c.h; path = CellView.h; sourceTree = "<group>"; };
		84A9CDD01977E3A500CB1034 /* CellView.m */ = {isa = PBXFileReference; fileEncoding = 4; lastKnownFileType = sourcecode.c.objc; path = CellView.m; sourceTree = "<group>"; };
		84A9CDD21977E47300CB1034 /* GameViewController.h */ = {isa = PBXFileReference; fileEncoding = 4; lastKnownFileType = sourcecode.c.h; path = GameViewController.h; sourceTree = "<group>"; };
		84A9CDD31977E47300CB1034 /* GameViewController.m */ = {isa = PBXFileReference; fileEncoding = 4; lastKnownFileType = sourcecode.c.objc; path = GameViewController.m; sourceTree = "<group>"; };
		84A9CDD41977E47300CB1034 /* GameViewController.xib */ = {isa = PBXFileReference; fileEncoding = 4; lastKnownFileType = file.xib; path = GameViewController.xib; sourceTree = "<group>"; };
		84A9CDF61977E4B900CB1034 /* seamlesstexture_darklights.jpg */ = {isa = PBXFileReference; lastKnownFileType = image.jpeg; path = seamlesstexture_darklights.jpg; sourceTree = "<group>"; };
		84A9CDF81977E4B900CB1034 /* seamlesstexture_metallic.jpg */ = {isa = PBXFileReference; lastKnownFileType = image.jpeg; path = seamlesstexture_metallic.jpg; sourceTree = "<group>"; };
		84A9CE1B1977ED9700CB1034 /* NSMutableArray+NullInt.h */ = {isa = PBXFileReference; fileEncoding = 4; lastKnownFileType = sourcecode.c.h; path = "NSMutableArray+NullInt.h"; sourceTree = "<group>"; };
		84A9CE1C1977ED9700CB1034 /* NSMutableArray+NullInt.m */ = {isa = PBXFileReference; fileEncoding = 4; lastKnownFileType = sourcecode.c.objc; path = "NSMutableArray+NullInt.m"; sourceTree = "<group>"; };
		84A9CE1E1977F42F00CB1034 /* PlayerView.h */ = {isa = PBXFileReference; fileEncoding = 4; lastKnownFileType = sourcecode.c.h; path = PlayerView.h; sourceTree = "<group>"; };
		84A9CE1F1977F42F00CB1034 /* PlayerView.m */ = {isa = PBXFileReference; fileEncoding = 4; lastKnownFileType = sourcecode.c.objc; path = PlayerView.m; sourceTree = "<group>"; };
		FAD8FF3917743856006D87A4 /* Xonix.app */ = {isa = PBXFileReference; explicitFileType = wrapper.application; includeInIndex = 0; path = Xonix.app; sourceTree = BUILT_PRODUCTS_DIR; };
		FAD8FF3D17743856006D87A4 /* UIKit.framework */ = {isa = PBXFileReference; lastKnownFileType = wrapper.framework; name = UIKit.framework; path = System/Library/Frameworks/UIKit.framework; sourceTree = SDKROOT; };
		FAD8FF3F17743856006D87A4 /* Foundation.framework */ = {isa = PBXFileReference; lastKnownFileType = wrapper.framework; name = Foundation.framework; path = System/Library/Frameworks/Foundation.framework; sourceTree = SDKROOT; };
		FAD8FF4117743856006D87A4 /* CoreGraphics.framework */ = {isa = PBXFileReference; lastKnownFileType = wrapper.framework; name = CoreGraphics.framework; path = System/Library/Frameworks/CoreGraphics.framework; sourceTree = SDKROOT; };
		FAD8FF4517743856006D87A4 /* Xonix-Info.plist */ = {isa = PBXFileReference; lastKnownFileType = text.plist.xml; path = "Xonix-Info.plist"; sourceTree = "<group>"; };
		FAD8FF4717743856006D87A4 /* en */ = {isa = PBXFileReference; lastKnownFileType = text.plist.strings; name = en; path = en.lproj/InfoPlist.strings; sourceTree = "<group>"; };
		FAD8FF4917743856006D87A4 /* main.m */ = {isa = PBXFileReference; lastKnownFileType = sourcecode.c.objc; path = main.m; sourceTree = "<group>"; };
		FAD8FF4B17743856006D87A4 /* Xonix-Prefix.pch */ = {isa = PBXFileReference; lastKnownFileType = sourcecode.c.h; path = "Xonix-Prefix.pch"; sourceTree = "<group>"; };
		FAD8FF4C17743856006D87A4 /* AppDelegate.h */ = {isa = PBXFileReference; lastKnownFileType = sourcecode.c.h; path = AppDelegate.h; sourceTree = "<group>"; };
		FAD8FF4D17743856006D87A4 /* AppDelegate.m */ = {isa = PBXFileReference; lastKnownFileType = sourcecode.c.objc; path = AppDelegate.m; sourceTree = "<group>"; };
		FAD8FF4F17743856006D87A4 /* Default.png */ = {isa = PBXFileReference; lastKnownFileType = image.png; path = Default.png; sourceTree = "<group>"; };
		FAD8FF5117743856006D87A4 /* Default@2x.png */ = {isa = PBXFileReference; lastKnownFileType = image.png; path = "Default@2x.png"; sourceTree = "<group>"; };
		FAD8FF5317743856006D87A4 /* Default-568h@2x.png */ = {isa = PBXFileReference; lastKnownFileType = image.png; path = "Default-568h@2x.png"; sourceTree = "<group>"; };
/* End PBXFileReference section */

/* Begin PBXFrameworksBuildPhase section */
		FAD8FF3617743856006D87A4 /* Frameworks */ = {
			isa = PBXFrameworksBuildPhase;
			buildActionMask = 2147483647;
			files = (
				FAD8FF3E17743856006D87A4 /* UIKit.framework in Frameworks */,
				FAD8FF4017743856006D87A4 /* Foundation.framework in Frameworks */,
				FAD8FF4217743856006D87A4 /* CoreGraphics.framework in Frameworks */,
			);
			runOnlyForDeploymentPostprocessing = 0;
		};
/* End PBXFrameworksBuildPhase section */

/* Begin PBXGroup section */
		84A9CDD71977E4B900CB1034 /* Photos */ = {
			isa = PBXGroup;
			children = (
				84A9CDF61977E4B900CB1034 /* seamlesstexture_darklights.jpg */,
				84A9CDF81977E4B900CB1034 /* seamlesstexture_metallic.jpg */,
			);
			path = Photos;
			sourceTree = "<group>";
		};
		FAD8FF2E17743856006D87A4 = {
			isa = PBXGroup;
			children = (
				FAD8FF4317743856006D87A4 /* Xonix */,
				FAD8FF3C17743856006D87A4 /* Frameworks */,
				FAD8FF3A17743856006D87A4 /* Products */,
			);
			sourceTree = "<group>";
		};
		FAD8FF3A17743856006D87A4 /* Products */ = {
			isa = PBXGroup;
			children = (
				FAD8FF3917743856006D87A4 /* Xonix.app */,
			);
			name = Products;
			sourceTree = "<group>";
		};
		FAD8FF3C17743856006D87A4 /* Frameworks */ = {
			isa = PBXGroup;
			children = (
				FAD8FF3D17743856006D87A4 /* UIKit.framework */,
				FAD8FF3F17743856006D87A4 /* Foundation.framework */,
				FAD8FF4117743856006D87A4 /* CoreGraphics.framework */,
			);
			name = Frameworks;
			sourceTree = "<group>";
		};
		FAD8FF4317743856006D87A4 /* Xonix */ = {
			isa = PBXGroup;
			children = (
				84A9CDD71977E4B900CB1034 /* Photos */,
				FAD8FF4C17743856006D87A4 /* AppDelegate.h */,
				FAD8FF4D17743856006D87A4 /* AppDelegate.m */,
				84A9CE1B1977ED9700CB1034 /* NSMutableArray+NullInt.h */,
				84A9CE1C1977ED9700CB1034 /* NSMutableArray+NullInt.m */,
				84A9CDCF1977E3A500CB1034 /* CellView.h */,
				84A9CDD01977E3A500CB1034 /* CellView.m */,
				84A9CE1E1977F42F00CB1034 /* PlayerView.h */,
				84A9CE1F1977F42F00CB1034 /* PlayerView.m */,
				84A9CDD21977E47300CB1034 /* GameViewController.h */,
				84A9CDD31977E47300CB1034 /* GameViewController.m */,
				84A9CDD41977E47300CB1034 /* GameViewController.xib */,
				FAD8FF4417743856006D87A4 /* Supporting Files */,
			);
			path = Xonix;
			sourceTree = "<group>";
		};
		FAD8FF4417743856006D87A4 /* Supporting Files */ = {
			isa = PBXGroup;
			children = (
				FAD8FF4517743856006D87A4 /* Xonix-Info.plist */,
				FAD8FF4617743856006D87A4 /* InfoPlist.strings */,
				FAD8FF4917743856006D87A4 /* main.m */,
				FAD8FF4B17743856006D87A4 /* Xonix-Prefix.pch */,
				FAD8FF4F17743856006D87A4 /* Default.png */,
				FAD8FF5117743856006D87A4 /* Default@2x.png */,
				FAD8FF5317743856006D87A4 /* Default-568h@2x.png */,
			);
			name = "Supporting Files";
			sourceTree = "<group>";
		};
/* End PBXGroup section */

/* Begin PBXNativeTarget section */
		FAD8FF3817743856006D87A4 /* Xonix */ = {
			isa = PBXNativeTarget;
			buildConfigurationList = FAD8FF5717743856006D87A4 /* Build configuration list for PBXNativeTarget "Xonix" */;
			buildPhases = (
				FAD8FF3517743856006D87A4 /* Sources */,
				FAD8FF3617743856006D87A4 /* Frameworks */,
				FAD8FF3717743856006D87A4 /* Resources */,
			);
			buildRules = (
			);
			dependencies = (
			);
			name = Xonix;
			productName = Xonix;
			productReference = FAD8FF3917743856006D87A4 /* Xonix.app */;
			productType = "com.apple.product-type.application";
		};
/* End PBXNativeTarget section */

/* Begin PBXProject section */
		FAD8FF3017743856006D87A4 /* Project object */ = {
			isa = PBXProject;
			attributes = {
				LastUpgradeCheck = 0450;
				ORGANIZATIONNAME = ch;
			};
			buildConfigurationList = FAD8FF3317743856006D87A4 /* Build configuration list for PBXProject "Xonix" */;
			compatibilityVersion = "Xcode 3.2";
			developmentRegion = English;
			hasScannedForEncodings = 0;
			knownRegions = (
				en,
			);
			mainGroup = FAD8FF2E17743856006D87A4;
			productRefGroup = FAD8FF3A17743856006D87A4 /* Products */;
			projectDirPath = "";
			projectRoot = "";
			targets = (
				FAD8FF3817743856006D87A4 /* Xonix */,
			);
		};
/* End PBXProject section */

/* Begin PBXResourcesBuildPhase section */
		FAD8FF3717743856006D87A4 /* Resources */ = {
			isa = PBXResourcesBuildPhase;
			buildActionMask = 2147483647;
			files = (
				84A9CE171977E4B900CB1034 /* seamlesstexture_darklights.jpg in Resources */,
				FAD8FF4817743856006D87A4 /* InfoPlist.strings in Resources */,
				FAD8FF5017743856006D87A4 /* Default.png in Resources */,
				FAD8FF5217743856006D87A4 /* Default@2x.png in Resources */,
				84A9CE191977E4B900CB1034 /* seamlesstexture_metallic.jpg in Resources */,
				FAD8FF5417743856006D87A4 /* Default-568h@2x.png in Resources */,
				84A9CDD61977E47300CB1034 /* GameViewController.xib in Resources */,
			);
			runOnlyForDeploymentPostprocessing = 0;
		};
/* End PBXResourcesBuildPhase section */

/* Begin PBXSourcesBuildPhase section */
		FAD8FF3517743856006D87A4 /* Sources */ = {
			isa = PBXSourcesBuildPhase;
			buildActionMask = 2147483647;
			files = (
				FAD8FF4A17743856006D87A4 /* main.m in Sources */,
				FAD8FF4E17743856006D87A4 /* AppDelegate.m in Sources */,
				84A9CDD51977E47300CB1034 /* GameViewController.m in Sources */,
				84A9CDD11977E3A500CB1034 /* CellView.m in Sources */,
				84A9CE1D1977ED9700CB1034 /* NSMutableArray+NullInt.m in Sources */,
				84A9CE201977F42F00CB1034 /* PlayerView.m in Sources */,
			);
			runOnlyForDeploymentPostprocessing = 0;
		};
/* End PBXSourcesBuildPhase section */

/* Begin PBXVariantGroup section */
		FAD8FF4617743856006D87A4 /* InfoPlist.strings */ = {
			isa = PBXVariantGroup;
			children = (
				FAD8FF4717743856006D87A4 /* en */,
			);
			name = InfoPlist.strings;
			sourceTree = "<group>";
		};
/* End PBXVariantGroup section */

/* Begin XCBuildConfiguration section */
		FAD8FF5517743856006D87A4 /* Debug */ = {
			isa = XCBuildConfiguration;
			buildSettings = {
				ALWAYS_SEARCH_USER_PATHS = NO;
				CLANG_CXX_LANGUAGE_STANDARD = "gnu++0x";
				CLANG_CXX_LIBRARY = "libc++";
				CLANG_ENABLE_OBJC_ARC = YES;
				CLANG_WARN_EMPTY_BODY = YES;
				CLANG_WARN__DUPLICATE_METHOD_MATCH = YES;
				"CODE_SIGN_IDENTITY[sdk=iphoneos*]" = "iPhone Developer";
				COPY_PHASE_STRIP = NO;
				GCC_C_LANGUAGE_STANDARD = gnu99;
				GCC_DYNAMIC_NO_PIC = NO;
				GCC_OPTIMIZATION_LEVEL = 0;
				GCC_PREPROCESSOR_DEFINITIONS = (
					"DEBUG=1",
					"$(inherited)",
				);
				GCC_SYMBOLS_PRIVATE_EXTERN = NO;
				GCC_WARN_ABOUT_RETURN_TYPE = YES;
				GCC_WARN_UNINITIALIZED_AUTOS = YES;
				GCC_WARN_UNUSED_VARIABLE = YES;
				IPHONEOS_DEPLOYMENT_TARGET = 6.0;
				SDKROOT = iphoneos;
				TARGETED_DEVICE_FAMILY = "1,2";
			};
			name = Debug;
		};
		FAD8FF5617743856006D87A4 /* Release */ = {
			isa = XCBuildConfiguration;
			buildSettings = {
				ALWAYS_SEARCH_USER_PATHS = NO;
				CLANG_CXX_LANGUAGE_STANDARD = "gnu++0x";
				CLANG_CXX_LIBRARY = "libc++";
				CLANG_ENABLE_OBJC_ARC = YES;
				CLANG_WARN_EMPTY_BODY = YES;
				CLANG_WARN__DUPLICATE_METHOD_MATCH = YES;
				"CODE_SIGN_IDENTITY[sdk=iphoneos*]" = "iPhone Developer";
				COPY_PHASE_STRIP = YES;
				GCC_C_LANGUAGE_STANDARD = gnu99;
				GCC_WARN_ABOUT_RETURN_TYPE = YES;
				GCC_WARN_UNINITIALIZED_AUTOS = YES;
				GCC_WARN_UNUSED_VARIABLE = YES;
				IPHONEOS_DEPLOYMENT_TARGET = 6.0;
				OTHER_CFLAGS = "-DNS_BLOCK_ASSERTIONS=1";
				SDKROOT = iphoneos;
				TARGETED_DEVICE_FAMILY = "1,2";
				VALIDATE_PRODUCT = YES;
			};
			name = Release;
		};
		FAD8FF5817743856006D87A4 /* Debug */ = {
			isa = XCBuildConfiguration;
			buildSettings = {
				GCC_PRECOMPILE_PREFIX_HEADER = YES;
				GCC_PREFIX_HEADER = "Xonix/Xonix-Prefix.pch";
				INFOPLIST_FILE = "Xonix/Xonix-Info.plist";
				IPHONEOS_DEPLOYMENT_TARGET = 5.1;
				PRODUCT_NAME = "$(TARGET_NAME)";
				TARGETED_DEVICE_FAMILY = 1;
				VALID_ARCHS = "armv7 armv7s";
				WRAPPER_EXTENSION = app;
			};
			name = Debug;
		};
		FAD8FF5917743856006D87A4 /* Release */ = {
			isa = XCBuildConfiguration;
			buildSettings = {
				GCC_PRECOMPILE_PREFIX_HEADER = YES;
				GCC_PREFIX_HEADER = "Xonix/Xonix-Prefix.pch";
				INFOPLIST_FILE = "Xonix/Xonix-Info.plist";
				IPHONEOS_DEPLOYMENT_TARGET = 5.1;
				PRODUCT_NAME = "$(TARGET_NAME)";
				TARGETED_DEVICE_FAMILY = 1;
				VALID_ARCHS = "armv7 armv7s";
				WRAPPER_EXTENSION = app;
			};
			name = Release;
		};
/* End XCBuildConfiguration section */

/* Begin XCConfigurationList section */
		FAD8FF3317743856006D87A4 /* Build configuration list for PBXProject "Xonix" */ = {
			isa = XCConfigurationList;
			buildConfigurations = (
				FAD8FF5517743856006D87A4 /* Debug */,
				FAD8FF5617743856006D87A4 /* Release */,
			);
			defaultConfigurationIsVisible = 0;
			defaultConfigurationName = Release;
		};
		FAD8FF5717743856006D87A4 /* Build configuration list for PBXNativeTarget "Xonix" */ = {
			isa = XCConfigurationList;
			buildConfigurations = (
				FAD8FF5817743856006D87A4 /* Debug */,
				FAD8FF5917743856006D87A4 /* Release */,
			);
			defaultConfigurationIsVisible = 0;
			defaultConfigurationName = Release;
		};
/* End XCConfigurationList section */
	};
	rootObject = FAD8FF3017743856006D87A4 /* Project object */;
}
